// !$*UTF8*$!
{
	archiveVersion = 1;
	classes = {
	};
	objectVersion = 50;
	objects = {

/* Begin PBXBuildFile section */
		B1E00EC824F5F6E400F1DFC7 /* AppDelegate.m in Sources */ = {isa = PBXBuildFile; fileRef = B1E00EC724F5F6E400F1DFC7 /* AppDelegate.m */; };
		B1E00ECB24F5F6E400F1DFC7 /* SceneDelegate.m in Sources */ = {isa = PBXBuildFile; fileRef = B1E00ECA24F5F6E400F1DFC7 /* SceneDelegate.m */; };
		B1E00ECE24F5F6E400F1DFC7 /* ViewController.m in Sources */ = {isa = PBXBuildFile; fileRef = B1E00ECD24F5F6E400F1DFC7 /* ViewController.m */; };
		B1E00ED124F5F6E400F1DFC7 /* Main.storyboard in Resources */ = {isa = PBXBuildFile; fileRef = B1E00ECF24F5F6E400F1DFC7 /* Main.storyboard */; };
		B1E00ED324F5F6E700F1DFC7 /* Assets.xcassets in Resources */ = {isa = PBXBuildFile; fileRef = B1E00ED224F5F6E700F1DFC7 /* Assets.xcassets */; };
		B1E00ED624F5F6E700F1DFC7 /* LaunchScreen.storyboard in Resources */ = {isa = PBXBuildFile; fileRef = B1E00ED424F5F6E700F1DFC7 /* LaunchScreen.storyboard */; };
		B1E00ED924F5F6E700F1DFC7 /* main.m in Sources */ = {isa = PBXBuildFile; fileRef = B1E00ED824F5F6E700F1DFC7 /* main.m */; };
		B1E00EE324F5F6E700F1DFC7 /* ___Tests.m in Sources */ = {isa = PBXBuildFile; fileRef = B1E00EE224F5F6E700F1DFC7 /* ___Tests.m */; };
		B1E00EEE24F5F6E700F1DFC7 /* ___UITests.m in Sources */ = {isa = PBXBuildFile; fileRef = B1E00EED24F5F6E700F1DFC7 /* ___UITests.m */; };
/* End PBXBuildFile section */

/* Begin PBXContainerItemProxy section */
		B1E00EDF24F5F6E700F1DFC7 /* PBXContainerItemProxy */ = {
			isa = PBXContainerItemProxy;
			containerPortal = B1E00EBB24F5F6E400F1DFC7 /* Project object */;
			proxyType = 1;
			remoteGlobalIDString = B1E00EC224F5F6E400F1DFC7;
			remoteInfo = "写着玩";
		};
		B1E00EEA24F5F6E700F1DFC7 /* PBXContainerItemProxy */ = {
			isa = PBXContainerItemProxy;
			containerPortal = B1E00EBB24F5F6E400F1DFC7 /* Project object */;
			proxyType = 1;
			remoteGlobalIDString = B1E00EC224F5F6E400F1DFC7;
			remoteInfo = "写着玩";
		};
/* End PBXContainerItemProxy section */

/* Begin PBXFileReference section */
		B1E00EC324F5F6E400F1DFC7 /* 写着玩.app */ = {isa = PBXFileReference; explicitFileType = wrapper.application; includeInIndex = 0; path = "写着玩.app"; sourceTree = BUILT_PRODUCTS_DIR; };
		B1E00EC624F5F6E400F1DFC7 /* AppDelegate.h */ = {isa = PBXFileReference; lastKnownFileType = sourcecode.c.h; path = AppDelegate.h; sourceTree = "<group>"; };
		B1E00EC724F5F6E400F1DFC7 /* AppDelegate.m */ = {isa = PBXFileReference; lastKnownFileType = sourcecode.c.objc; path = AppDelegate.m; sourceTree = "<group>"; };
		B1E00EC924F5F6E400F1DFC7 /* SceneDelegate.h */ = {isa = PBXFileReference; lastKnownFileType = sourcecode.c.h; path = SceneDelegate.h; sourceTree = "<group>"; };
		B1E00ECA24F5F6E400F1DFC7 /* SceneDelegate.m */ = {isa = PBXFileReference; lastKnownFileType = sourcecode.c.objc; path = SceneDelegate.m; sourceTree = "<group>"; };
		B1E00ECC24F5F6E400F1DFC7 /* ViewController.h */ = {isa = PBXFileReference; lastKnownFileType = sourcecode.c.h; path = ViewController.h; sourceTree = "<group>"; };
		B1E00ECD24F5F6E400F1DFC7 /* ViewController.m */ = {isa = PBXFileReference; lastKnownFileType = sourcecode.c.objc; path = ViewController.m; sourceTree = "<group>"; };
		B1E00ED024F5F6E400F1DFC7 /* Base */ = {isa = PBXFileReference; lastKnownFileType = file.storyboard; name = Base; path = Base.lproj/Main.storyboard; sourceTree = "<group>"; };
		B1E00ED224F5F6E700F1DFC7 /* Assets.xcassets */ = {isa = PBXFileReference; lastKnownFileType = folder.assetcatalog; path = Assets.xcassets; sourceTree = "<group>"; };
		B1E00ED524F5F6E700F1DFC7 /* Base */ = {isa = PBXFileReference; lastKnownFileType = file.storyboard; name = Base; path = Base.lproj/LaunchScreen.storyboard; sourceTree = "<group>"; };
		B1E00ED724F5F6E700F1DFC7 /* Info.plist */ = {isa = PBXFileReference; lastKnownFileType = text.plist.xml; path = Info.plist; sourceTree = "<group>"; };
		B1E00ED824F5F6E700F1DFC7 /* main.m */ = {isa = PBXFileReference; lastKnownFileType = sourcecode.c.objc; path = main.m; sourceTree = "<group>"; };
		B1E00EDE24F5F6E700F1DFC7 /* 写着玩Tests.xctest */ = {isa = PBXFileReference; explicitFileType = wrapper.cfbundle; includeInIndex = 0; path = "写着玩Tests.xctest"; sourceTree = BUILT_PRODUCTS_DIR; };
		B1E00EE224F5F6E700F1DFC7 /* ___Tests.m */ = {isa = PBXFileReference; lastKnownFileType = sourcecode.c.objc; path = "___Tests.m"; sourceTree = "<group>"; };
		B1E00EE424F5F6E700F1DFC7 /* Info.plist */ = {isa = PBXFileReference; lastKnownFileType = text.plist.xml; path = Info.plist; sourceTree = "<group>"; };
		B1E00EE924F5F6E700F1DFC7 /* 写着玩UITests.xctest */ = {isa = PBXFileReference; explicitFileType = wrapper.cfbundle; includeInIndex = 0; path = "写着玩UITests.xctest"; sourceTree = BUILT_PRODUCTS_DIR; };
		B1E00EED24F5F6E700F1DFC7 /* ___UITests.m */ = {isa = PBXFileReference; lastKnownFileType = sourcecode.c.objc; path = "___UITests.m"; sourceTree = "<group>"; };
		B1E00EEF24F5F6E700F1DFC7 /* Info.plist */ = {isa = PBXFileReference; lastKnownFileType = text.plist.xml; path = Info.plist; sourceTree = "<group>"; };
/* End PBXFileReference section */

/* Begin PBXFrameworksBuildPhase section */
		B1E00EC024F5F6E400F1DFC7 /* Frameworks */ = {
			isa = PBXFrameworksBuildPhase;
			buildActionMask = 2147483647;
			files = (
			);
			runOnlyForDeploymentPostprocessing = 0;
		};
		B1E00EDB24F5F6E700F1DFC7 /* Frameworks */ = {
			isa = PBXFrameworksBuildPhase;
			buildActionMask = 2147483647;
			files = (
			);
			runOnlyForDeploymentPostprocessing = 0;
		};
		B1E00EE624F5F6E700F1DFC7 /* Frameworks */ = {
			isa = PBXFrameworksBuildPhase;
			buildActionMask = 2147483647;
			files = (
			);
			runOnlyForDeploymentPostprocessing = 0;
		};
/* End PBXFrameworksBuildPhase section */

/* Begin PBXGroup section */
		B1E00EBA24F5F6E400F1DFC7 = {
			isa = PBXGroup;
			children = (
				B1E00EC524F5F6E400F1DFC7 /* 写着玩 */,
				B1E00EE124F5F6E700F1DFC7 /* 写着玩Tests */,
				B1E00EEC24F5F6E700F1DFC7 /* 写着玩UITests */,
				B1E00EC424F5F6E400F1DFC7 /* Products */,
			);
			sourceTree = "<group>";
		};
		B1E00EC424F5F6E400F1DFC7 /* Products */ = {
			isa = PBXGroup;
			children = (
				B1E00EC324F5F6E400F1DFC7 /* 写着玩.app */,
				B1E00EDE24F5F6E700F1DFC7 /* 写着玩Tests.xctest */,
				B1E00EE924F5F6E700F1DFC7 /* 写着玩UITests.xctest */,
			);
			name = Products;
			sourceTree = "<group>";
		};
		B1E00EC524F5F6E400F1DFC7 /* 写着玩 */ = {
			isa = PBXGroup;
			children = (
				B1E00EC624F5F6E400F1DFC7 /* AppDelegate.h */,
				B1E00EC724F5F6E400F1DFC7 /* AppDelegate.m */,
				B1E00EC924F5F6E400F1DFC7 /* SceneDelegate.h */,
				B1E00ECA24F5F6E400F1DFC7 /* SceneDelegate.m */,
				B1E00ECC24F5F6E400F1DFC7 /* ViewController.h */,
				B1E00ECD24F5F6E400F1DFC7 /* ViewController.m */,
				B1E00ECF24F5F6E400F1DFC7 /* Main.storyboard */,
				B1E00ED224F5F6E700F1DFC7 /* Assets.xcassets */,
				B1E00ED424F5F6E700F1DFC7 /* LaunchScreen.storyboard */,
				B1E00ED724F5F6E700F1DFC7 /* Info.plist */,
				B1E00ED824F5F6E700F1DFC7 /* main.m */,
			);
			path = "写着玩";
			sourceTree = "<group>";
		};
		B1E00EE124F5F6E700F1DFC7 /* 写着玩Tests */ = {
			isa = PBXGroup;
			children = (
				B1E00EE224F5F6E700F1DFC7 /* ___Tests.m */,
				B1E00EE424F5F6E700F1DFC7 /* Info.plist */,
			);
			path = "写着玩Tests";
			sourceTree = "<group>";
		};
		B1E00EEC24F5F6E700F1DFC7 /* 写着玩UITests */ = {
			isa = PBXGroup;
			children = (
				B1E00EED24F5F6E700F1DFC7 /* ___UITests.m */,
				B1E00EEF24F5F6E700F1DFC7 /* Info.plist */,
			);
			path = "写着玩UITests";
			sourceTree = "<group>";
		};
/* End PBXGroup section */

/* Begin PBXNativeTarget section */
		B1E00EC224F5F6E400F1DFC7 /* 写着玩 */ = {
			isa = PBXNativeTarget;
			buildConfigurationList = B1E00EF224F5F6E700F1DFC7 /* Build configuration list for PBXNativeTarget "写着玩" */;
			buildPhases = (
				B1E00EBF24F5F6E400F1DFC7 /* Sources */,
				B1E00EC024F5F6E400F1DFC7 /* Frameworks */,
				B1E00EC124F5F6E400F1DFC7 /* Resources */,
			);
			buildRules = (
			);
			dependencies = (
			);
			name = "写着玩";
			productName = "写着玩";
			productReference = B1E00EC324F5F6E400F1DFC7 /* 写着玩.app */;
			productType = "com.apple.product-type.application";
		};
		B1E00EDD24F5F6E700F1DFC7 /* 写着玩Tests */ = {
			isa = PBXNativeTarget;
			buildConfigurationList = B1E00EF524F5F6E700F1DFC7 /* Build configuration list for PBXNativeTarget "写着玩Tests" */;
			buildPhases = (
				B1E00EDA24F5F6E700F1DFC7 /* Sources */,
				B1E00EDB24F5F6E700F1DFC7 /* Frameworks */,
				B1E00EDC24F5F6E700F1DFC7 /* Resources */,
			);
			buildRules = (
			);
			dependencies = (
				B1E00EE024F5F6E700F1DFC7 /* PBXTargetDependency */,
			);
			name = "写着玩Tests";
			productName = "写着玩Tests";
			productReference = B1E00EDE24F5F6E700F1DFC7 /* 写着玩Tests.xctest */;
			productType = "com.apple.product-type.bundle.unit-test";
		};
		B1E00EE824F5F6E700F1DFC7 /* 写着玩UITests */ = {
			isa = PBXNativeTarget;
			buildConfigurationList = B1E00EF824F5F6E700F1DFC7 /* Build configuration list for PBXNativeTarget "写着玩UITests" */;
			buildPhases = (
				B1E00EE524F5F6E700F1DFC7 /* Sources */,
				B1E00EE624F5F6E700F1DFC7 /* Frameworks */,
				B1E00EE724F5F6E700F1DFC7 /* Resources */,
			);
			buildRules = (
			);
			dependencies = (
				B1E00EEB24F5F6E700F1DFC7 /* PBXTargetDependency */,
			);
			name = "写着玩UITests";
			productName = "写着玩UITests";
			productReference = B1E00EE924F5F6E700F1DFC7 /* 写着玩UITests.xctest */;
			productType = "com.apple.product-type.bundle.ui-testing";
		};
/* End PBXNativeTarget section */

/* Begin PBXProject section */
		B1E00EBB24F5F6E400F1DFC7 /* Project object */ = {
			isa = PBXProject;
			attributes = {
				LastUpgradeCheck = 1160;
				ORGANIZATIONNAME = "魏跃勇";
				TargetAttributes = {
					B1E00EC224F5F6E400F1DFC7 = {
						CreatedOnToolsVersion = 11.6;
					};
					B1E00EDD24F5F6E700F1DFC7 = {
						CreatedOnToolsVersion = 11.6;
						TestTargetID = B1E00EC224F5F6E400F1DFC7;
					};
					B1E00EE824F5F6E700F1DFC7 = {
						CreatedOnToolsVersion = 11.6;
						TestTargetID = B1E00EC224F5F6E400F1DFC7;
					};
				};
			};
			buildConfigurationList = B1E00EBE24F5F6E400F1DFC7 /* Build configuration list for PBXProject "写着玩" */;
			compatibilityVersion = "Xcode 9.3";
			developmentRegion = en;
			hasScannedForEncodings = 0;
			knownRegions = (
				en,
				Base,
			);
			mainGroup = B1E00EBA24F5F6E400F1DFC7;
			productRefGroup = B1E00EC424F5F6E400F1DFC7 /* Products */;
			projectDirPath = "";
			projectRoot = "";
			targets = (
				B1E00EC224F5F6E400F1DFC7 /* 写着玩 */,
				B1E00EDD24F5F6E700F1DFC7 /* 写着玩Tests */,
				B1E00EE824F5F6E700F1DFC7 /* 写着玩UITests */,
			);
		};
/* End PBXProject section */

/* Begin PBXResourcesBuildPhase section */
		B1E00EC124F5F6E400F1DFC7 /* Resources */ = {
			isa = PBXResourcesBuildPhase;
			buildActionMask = 2147483647;
			files = (
				B1E00ED624F5F6E700F1DFC7 /* LaunchScreen.storyboard in Resources */,
				B1E00ED324F5F6E700F1DFC7 /* Assets.xcassets in Resources */,
				B1E00ED124F5F6E400F1DFC7 /* Main.storyboard in Resources */,
			);
			runOnlyForDeploymentPostprocessing = 0;
		};
		B1E00EDC24F5F6E700F1DFC7 /* Resources */ = {
			isa = PBXResourcesBuildPhase;
			buildActionMask = 2147483647;
			files = (
			);
			runOnlyForDeploymentPostprocessing = 0;
		};
		B1E00EE724F5F6E700F1DFC7 /* Resources */ = {
			isa = PBXResourcesBuildPhase;
			buildActionMask = 2147483647;
			files = (
			);
			runOnlyForDeploymentPostprocessing = 0;
		};
/* End PBXResourcesBuildPhase section */

/* Begin PBXSourcesBuildPhase section */
		B1E00EBF24F5F6E400F1DFC7 /* Sources */ = {
			isa = PBXSourcesBuildPhase;
			buildActionMask = 2147483647;
			files = (
				B1E00ECE24F5F6E400F1DFC7 /* ViewController.m in Sources */,
				B1E00EC824F5F6E400F1DFC7 /* AppDelegate.m in Sources */,
				B1E00ED924F5F6E700F1DFC7 /* main.m in Sources */,
				B1E00ECB24F5F6E400F1DFC7 /* SceneDelegate.m in Sources */,
			);
			runOnlyForDeploymentPostprocessing = 0;
		};
		B1E00EDA24F5F6E700F1DFC7 /* Sources */ = {
			isa = PBXSourcesBuildPhase;
			buildActionMask = 2147483647;
			files = (
				B1E00EE324F5F6E700F1DFC7 /* ___Tests.m in Sources */,
			);
			runOnlyForDeploymentPostprocessing = 0;
		};
		B1E00EE524F5F6E700F1DFC7 /* Sources */ = {
			isa = PBXSourcesBuildPhase;
			buildActionMask = 2147483647;
			files = (
				B1E00EEE24F5F6E700F1DFC7 /* ___UITests.m in Sources */,
			);
			runOnlyForDeploymentPostprocessing = 0;
		};
/* End PBXSourcesBuildPhase section */

/* Begin PBXTargetDependency section */
		B1E00EE024F5F6E700F1DFC7 /* PBXTargetDependency */ = {
			isa = PBXTargetDependency;
			target = B1E00EC224F5F6E400F1DFC7 /* 写着玩 */;
			targetProxy = B1E00EDF24F5F6E700F1DFC7 /* PBXContainerItemProxy */;
		};
		B1E00EEB24F5F6E700F1DFC7 /* PBXTargetDependency */ = {
			isa = PBXTargetDependency;
			target = B1E00EC224F5F6E400F1DFC7 /* 写着玩 */;
			targetProxy = B1E00EEA24F5F6E700F1DFC7 /* PBXContainerItemProxy */;
		};
/* End PBXTargetDependency section */

/* Begin PBXVariantGroup section */
		B1E00ECF24F5F6E400F1DFC7 /* Main.storyboard */ = {
			isa = PBXVariantGroup;
			children = (
				B1E00ED024F5F6E400F1DFC7 /* Base */,
			);
			name = Main.storyboard;
			sourceTree = "<group>";
		};
		B1E00ED424F5F6E700F1DFC7 /* LaunchScreen.storyboard */ = {
			isa = PBXVariantGroup;
			children = (
				B1E00ED524F5F6E700F1DFC7 /* Base */,
			);
			name = LaunchScreen.storyboard;
			sourceTree = "<group>";
		};
/* End PBXVariantGroup section */

/* Begin XCBuildConfiguration section */
		B1E00EF024F5F6E700F1DFC7 /* Debug */ = {
			isa = XCBuildConfiguration;
			buildSettings = {
				ALWAYS_SEARCH_USER_PATHS = NO;
				CLANG_ANALYZER_NONNULL = YES;
				CLANG_ANALYZER_NUMBER_OBJECT_CONVERSION = YES_AGGRESSIVE;
				CLANG_CXX_LANGUAGE_STANDARD = "gnu++14";
				CLANG_CXX_LIBRARY = "libc++";
				CLANG_ENABLE_MODULES = YES;
				CLANG_ENABLE_OBJC_ARC = YES;
				CLANG_ENABLE_OBJC_WEAK = YES;
				CLANG_WARN_BLOCK_CAPTURE_AUTORELEASING = YES;
				CLANG_WARN_BOOL_CONVERSION = YES;
				CLANG_WARN_COMMA = YES;
				CLANG_WARN_CONSTANT_CONVERSION = YES;
				CLANG_WARN_DEPRECATED_OBJC_IMPLEMENTATIONS = YES;
				CLANG_WARN_DIRECT_OBJC_ISA_USAGE = YES_ERROR;
				CLANG_WARN_DOCUMENTATION_COMMENTS = YES;
				CLANG_WARN_EMPTY_BODY = YES;
				CLANG_WARN_ENUM_CONVERSION = YES;
				CLANG_WARN_INFINITE_RECURSION = YES;
				CLANG_WARN_INT_CONVERSION = YES;
				CLANG_WARN_NON_LITERAL_NULL_CONVERSION = YES;
				CLANG_WARN_OBJC_IMPLICIT_RETAIN_SELF = YES;
				CLANG_WARN_OBJC_LITERAL_CONVERSION = YES;
				CLANG_WARN_OBJC_ROOT_CLASS = YES_ERROR;
				CLANG_WARN_RANGE_LOOP_ANALYSIS = YES;
				CLANG_WARN_STRICT_PROTOTYPES = YES;
				CLANG_WARN_SUSPICIOUS_MOVE = YES;
				CLANG_WARN_UNGUARDED_AVAILABILITY = YES_AGGRESSIVE;
				CLANG_WARN_UNREACHABLE_CODE = YES;
				CLANG_WARN__DUPLICATE_METHOD_MATCH = YES;
				COPY_PHASE_STRIP = NO;
				DEBUG_INFORMATION_FORMAT = dwarf;
				ENABLE_STRICT_OBJC_MSGSEND = YES;
				ENABLE_TESTABILITY = YES;
				GCC_C_LANGUAGE_STANDARD = gnu11;
				GCC_DYNAMIC_NO_PIC = NO;
				GCC_NO_COMMON_BLOCKS = YES;
				GCC_OPTIMIZATION_LEVEL = 0;
				GCC_PREPROCESSOR_DEFINITIONS = (
					"DEBUG=1",
					"$(inherited)",
				);
				GCC_WARN_64_TO_32_BIT_CONVERSION = YES;
				GCC_WARN_ABOUT_RETURN_TYPE = YES_ERROR;
				GCC_WARN_UNDECLARED_SELECTOR = YES;
				GCC_WARN_UNINITIALIZED_AUTOS = YES_AGGRESSIVE;
				GCC_WARN_UNUSED_FUNCTION = YES;
				GCC_WARN_UNUSED_VARIABLE = YES;
				IPHONEOS_DEPLOYMENT_TARGET = 13.6;
				MTL_ENABLE_DEBUG_INFO = INCLUDE_SOURCE;
				MTL_FAST_MATH = YES;
				ONLY_ACTIVE_ARCH = YES;
				SDKROOT = iphoneos;
			};
			name = Debug;
		};
		B1E00EF124F5F6E700F1DFC7 /* Release */ = {
			isa = XCBuildConfiguration;
			buildSettings = {
				ALWAYS_SEARCH_USER_PATHS = NO;
				CLANG_ANALYZER_NONNULL = YES;
				CLANG_ANALYZER_NUMBER_OBJECT_CONVERSION = YES_AGGRESSIVE;
				CLANG_CXX_LANGUAGE_STANDARD = "gnu++14";
				CLANG_CXX_LIBRARY = "libc++";
				CLANG_ENABLE_MODULES = YES;
				CLANG_ENABLE_OBJC_ARC = YES;
				CLANG_ENABLE_OBJC_WEAK = YES;
				CLANG_WARN_BLOCK_CAPTURE_AUTORELEASING = YES;
				CLANG_WARN_BOOL_CONVERSION = YES;
				CLANG_WARN_COMMA = YES;
				CLANG_WARN_CONSTANT_CONVERSION = YES;
				CLANG_WARN_DEPRECATED_OBJC_IMPLEMENTATIONS = YES;
				CLANG_WARN_DIRECT_OBJC_ISA_USAGE = YES_ERROR;
				CLANG_WARN_DOCUMENTATION_COMMENTS = YES;
				CLANG_WARN_EMPTY_BODY = YES;
				CLANG_WARN_ENUM_CONVERSION = YES;
				CLANG_WARN_INFINITE_RECURSION = YES;
				CLANG_WARN_INT_CONVERSION = YES;
				CLANG_WARN_NON_LITERAL_NULL_CONVERSION = YES;
				CLANG_WARN_OBJC_IMPLICIT_RETAIN_SELF = YES;
				CLANG_WARN_OBJC_LITERAL_CONVERSION = YES;
				CLANG_WARN_OBJC_ROOT_CLASS = YES_ERROR;
				CLANG_WARN_RANGE_LOOP_ANALYSIS = YES;
				CLANG_WARN_STRICT_PROTOTYPES = YES;
				CLANG_WARN_SUSPICIOUS_MOVE = YES;
				CLANG_WARN_UNGUARDED_AVAILABILITY = YES_AGGRESSIVE;
				CLANG_WARN_UNREACHABLE_CODE = YES;
				CLANG_WARN__DUPLICATE_METHOD_MATCH = YES;
				COPY_PHASE_STRIP = NO;
				DEBUG_INFORMATION_FORMAT = "dwarf-with-dsym";
				ENABLE_NS_ASSERTIONS = NO;
				ENABLE_STRICT_OBJC_MSGSEND = YES;
				GCC_C_LANGUAGE_STANDARD = gnu11;
				GCC_NO_COMMON_BLOCKS = YES;
				GCC_WARN_64_TO_32_BIT_CONVERSION = YES;
				GCC_WARN_ABOUT_RETURN_TYPE = YES_ERROR;
				GCC_WARN_UNDECLARED_SELECTOR = YES;
				GCC_WARN_UNINITIALIZED_AUTOS = YES_AGGRESSIVE;
				GCC_WARN_UNUSED_FUNCTION = YES;
				GCC_WARN_UNUSED_VARIABLE = YES;
				IPHONEOS_DEPLOYMENT_TARGET = 13.6;
				MTL_ENABLE_DEBUG_INFO = NO;
				MTL_FAST_MATH = YES;
				SDKROOT = iphoneos;
				VALIDATE_PRODUCT = YES;
			};
			name = Release;
		};
		B1E00EF324F5F6E700F1DFC7 /* Debug */ = {
			isa = XCBuildConfiguration;
			buildSettings = {
				ASSETCATALOG_COMPILER_APPICON_NAME = AppIcon;
				CODE_SIGN_STYLE = Automatic;
				DEVELOPMENT_TEAM = 4F7PAST364;
				INFOPLIST_FILE = "写着玩/Info.plist";
				LD_RUNPATH_SEARCH_PATHS = (
					"$(inherited)",
					"@executable_path/Frameworks",
				);
				PRODUCT_BUNDLE_IDENTIFIER = "com.we.---";
				PRODUCT_NAME = "$(TARGET_NAME)";
				TARGETED_DEVICE_FAMILY = "1,2";
			};
			name = Debug;
		};
		B1E00EF424F5F6E700F1DFC7 /* Release */ = {
			isa = XCBuildConfiguration;
			buildSettings = {
				ASSETCATALOG_COMPILER_APPICON_NAME = AppIcon;
				CODE_SIGN_STYLE = Automatic;
				DEVELOPMENT_TEAM = 4F7PAST364;
				INFOPLIST_FILE = "写着玩/Info.plist";
				LD_RUNPATH_SEARCH_PATHS = (
					"$(inherited)",
					"@executable_path/Frameworks",
				);
				PRODUCT_BUNDLE_IDENTIFIER = "com.we.---";
				PRODUCT_NAME = "$(TARGET_NAME)";
				TARGETED_DEVICE_FAMILY = "1,2";
			};
			name = Release;
		};
		B1E00EF624F5F6E700F1DFC7 /* Debug */ = {
			isa = XCBuildConfiguration;
			buildSettings = {
				BUNDLE_LOADER = "$(TEST_HOST)";
				CODE_SIGN_STYLE = Automatic;
				DEVELOPMENT_TEAM = 4F7PAST364;
				INFOPLIST_FILE = "写着玩Tests/Info.plist";
				IPHONEOS_DEPLOYMENT_TARGET = 13.6;
				LD_RUNPATH_SEARCH_PATHS = (
					"$(inherited)",
					"@executable_path/Frameworks",
					"@loader_path/Frameworks",
				);
				PRODUCT_BUNDLE_IDENTIFIER = "com.we.---Tests";
				PRODUCT_NAME = "$(TARGET_NAME)";
				TARGETED_DEVICE_FAMILY = "1,2";
				TEST_HOST = "$(BUILT_PRODUCTS_DIR)/写着玩.app/写着玩";
			};
			name = Debug;
		};
		B1E00EF724F5F6E700F1DFC7 /* Release */ = {
			isa = XCBuildConfiguration;
			buildSettings = {
				BUNDLE_LOADER = "$(TEST_HOST)";
				CODE_SIGN_STYLE = Automatic;
				DEVELOPMENT_TEAM = 4F7PAST364;
				INFOPLIST_FILE = "写着玩Tests/Info.plist";
				IPHONEOS_DEPLOYMENT_TARGET = 13.6;
				LD_RUNPATH_SEARCH_PATHS = (
					"$(inherited)",
					"@executable_path/Frameworks",
					"@loader_path/Frameworks",
				);
				PRODUCT_BUNDLE_IDENTIFIER = "com.we.---Tests";
				PRODUCT_NAME = "$(TARGET_NAME)";
				TARGETED_DEVICE_FAMILY = "1,2";
				TEST_HOST = "$(BUILT_PRODUCTS_DIR)/写着玩.app/写着玩";
			};
			name = Release;
		};
		B1E00EF924F5F6E700F1DFC7 /* Debug */ = {
			isa = XCBuildConfiguration;
			buildSettings = {
				CODE_SIGN_STYLE = Automatic;
				DEVELOPMENT_TEAM = 4F7PAST364;
				INFOPLIST_FILE = "写着玩UITests/Info.plist";
				LD_RUNPATH_SEARCH_PATHS = (
					"$(inherited)",
					"@executable_path/Frameworks",
					"@loader_path/Frameworks",
				);
				PRODUCT_BUNDLE_IDENTIFIER = "com.we.---UITests";
				PRODUCT_NAME = "$(TARGET_NAME)";
				TARGETED_DEVICE_FAMILY = "1,2";
				TEST_TARGET_NAME = "写着玩";
			};
			name = Debug;
		};
		B1E00EFA24F5F6E700F1DFC7 /* Release */ = {
			isa = XCBuildConfiguration;
			buildSettings = {
				CODE_SIGN_STYLE = Automatic;
				DEVELOPMENT_TEAM = 4F7PAST364;
				INFOPLIST_FILE = "写着玩UITests/Info.plist";
				LD_RUNPATH_SEARCH_PATHS = (
					"$(inherited)",
					"@executable_path/Frameworks",
					"@loader_path/Frameworks",
				);
				PRODUCT_BUNDLE_IDENTIFIER = "com.we.---UITests";
				PRODUCT_NAME = "$(TARGET_NAME)";
				TARGETED_DEVICE_FAMILY = "1,2";
				TEST_TARGET_NAME = "写着玩";
			};
			name = Release;
		};
/* End XCBuildConfiguration section */

/* Begin XCConfigurationList section */
		B1E00EBE24F5F6E400F1DFC7 /* Build configuration list for PBXProject "写着玩" */ = {
			isa = XCConfigurationList;
			buildConfigurations = (
				B1E00EF024F5F6E700F1DFC7 /* Debug */,
				B1E00EF124F5F6E700F1DFC7 /* Release */,
			);
			defaultConfigurationIsVisible = 0;
			defaultConfigurationName = Release;
		};
		B1E00EF224F5F6E700F1DFC7 /* Build configuration list for PBXNativeTarget "写着玩" */ = {
			isa = XCConfigurationList;
			buildConfigurations = (
				B1E00EF324F5F6E700F1DFC7 /* Debug */,
				B1E00EF424F5F6E700F1DFC7 /* Release */,
			);
			defaultConfigurationIsVisible = 0;
			defaultConfigurationName = Release;
		};
		B1E00EF524F5F6E700F1DFC7 /* Build configuration list for PBXNativeTarget "写着玩Tests" */ = {
			isa = XCConfigurationList;
			buildConfigurations = (
				B1E00EF624F5F6E700F1DFC7 /* Debug */,
				B1E00EF724F5F6E700F1DFC7 /* Release */,
			);
			defaultConfigurationIsVisible = 0;
			defaultConfigurationName = Release;
		};
		B1E00EF824F5F6E700F1DFC7 /* Build configuration list for PBXNativeTarget "写着玩UITests" */ = {
			isa = XCConfigurationList;
			buildConfigurations = (
				B1E00EF924F5F6E700F1DFC7 /* Debug */,
				B1E00EFA24F5F6E700F1DFC7 /* Release */,
			);
			defaultConfigurationIsVisible = 0;
			defaultConfigurationName = Release;
		};
/* End XCConfigurationList section */
	};
	rootObject = B1E00EBB24F5F6E400F1DFC7 /* Project object */;
}
